
Microsoft Visual Studio Solution File, Format Version 12.00
# Visual Studio Version 16
VisualStudioVersion = 16.0.30517.126
MinimumVisualStudioVersion = 10.0.40219.1
Project("{FAE04EC0-301F-11D3-BF4B-00C04F79EFBC}") = "Grupp29", "Grupp29\Grupp29.csproj", "{D2AB64A7-2CB4-4B63-A4E2-06C8D0E12FF5}"
EndProject
Global
	GlobalSection(SolutionConfigurationPlatforms) = preSolution
		Debug|Any CPU = Debug|Any CPU
		Release|Any CPU = Release|Any CPU
	EndGlobalSection
	GlobalSection(ProjectConfigurationPlatforms) = postSolution
		{D2AB64A7-2CB4-4B63-A4E2-06C8D0E12FF5}.Debug|Any CPU.ActiveCfg = Debug|Any CPU
		{D2AB64A7-2CB4-4B63-A4E2-06C8D0E12FF5}.Debug|Any CPU.Build.0 = Debug|Any CPU
		{D2AB64A7-2CB4-4B63-A4E2-06C8D0E12FF5}.Release|Any CPU.ActiveCfg = Release|Any CPU
		{D2AB64A7-2CB4-4B63-A4E2-06C8D0E12FF5}.Release|Any CPU.Build.0 = Release|Any CPU
	EndGlobalSection
	GlobalSection(SolutionProperties) = preSolution
		HideSolutionNode = FALSE
	EndGlobalSection
	GlobalSection(ExtensibilityGlobals) = postSolution
		SolutionGuid = {8E949B70-5A43-4A4D-97F3-ED0BDAAA464C}
	EndGlobalSection
EndGlobal
